<?xml version="1.0" encoding="utf-8"?>
<Project ToolsVersion="4.0" xmlns="http://schemas.microsoft.com/developer/msbuild/2003">
  <ItemGroup>
    <Filter Include="Source Files">
      <UniqueIdentifier>{4FC737F1-C7A5-4376-A066-2A32D752A2FF}</UniqueIdentifier>
      <Extensions>cpp;c;cc;cxx;def;odl;idl;hpj;bat;asm;asmx</Extensions>
    </Filter>
    <Filter Include="Header Files">
      <UniqueIdentifier>{93995380-89BD-4b04-88EB-625FBE52EBFB}</UniqueIdentifier>
      <Extensions>h;hh;hpp;hxx;hm;inl;inc;xsd</Extensions>
    </Filter>
    <Filter Include="Resource Files">
      <UniqueIdentifier>{67DA6AB6-F800-4c08-8B7A-83BB121AAD01}</UniqueIdentifier>
      <Extensions>rc;ico;cur;bmp;dlg;rc2;rct;bin;rgs;gif;jpg;jpeg;jpe;resx;tiff;tif;png;wav;mfcribbon-ms</Extensions>
    </Filter>
    <Filter Include="Header Files\devkit">
      <UniqueIdentifier>{7f633552-a6d4-4fb7-a338-9117501e7ee0}</UniqueIdentifier>
    </Filter>
    <Filter Include="Source Files\devkit">
      <UniqueIdentifier>{f148aff4-06ab-469a-9d2a-cf52e99900e0}</UniqueIdentifier>
    </Filter>
    <Filter Include="Header Files\engine">
      <UniqueIdentifier>{1be31f48-5c0f-4a9b-9f9e-523d88703058}</UniqueIdentifier>
    </Filter>
    <Filter Include="Source Files\engine">
      <UniqueIdentifier>{10b12b8c-8725-42c5-948c-255ef353cf76}</UniqueIdentifier>
    </Filter>
    <Filter Include="Header Files\banks">
      <UniqueIdentifier>{672a6406-f023-442e-9aa6-5f7f12a4c42b}</UniqueIdentifier>
    </Filter>
    <Filter Include="Source Files\banks">
      <UniqueIdentifier>{87fea4ad-51df-4414-a897-91d742e1560d}</UniqueIdentifier>
    </Filter>
    <Filter Include="Header Files\screen">
      <UniqueIdentifier>{a27c0dca-079f-4818-8f76-e0f8ffa21583}</UniqueIdentifier>
    </Filter>
    <Filter Include="Source Files\screen">
      <UniqueIdentifier>{9bf1094e-a26a-4548-ad06-84864739f916}</UniqueIdentifier>
    </Filter>
    <Filter Include="Header Files\banks\bank08">
      <UniqueIdentifier>{73a52752-a4cc-47b5-8e5c-f212aa8a2479}</UniqueIdentifier>
    </Filter>
    <Filter Include="Header Files\banks\bank16">
      <UniqueIdentifier>{2a74fa72-0092-4f67-8c37-c80f73a440ad}</UniqueIdentifier>
    </Filter>
    <Filter Include="Header Files\banks\bank24">
      <UniqueIdentifier>{ab1979b0-8046-43c5-8899-322a9d0f3917}</UniqueIdentifier>
    </Filter>
    <Filter Include="Header Files\banks\bank32">
      <UniqueIdentifier>{b4c7f5a0-fa5b-4149-bbcc-d8405d639dec}</UniqueIdentifier>
    </Filter>
    <Filter Include="Header Files\banks\bank40">
      <UniqueIdentifier>{5325b00f-4319-4697-8165-cfa9a6888ede}</UniqueIdentifier>
    </Filter>
    <Filter Include="Header Files\banks\bank48">
      <UniqueIdentifier>{a1b7a1e3-4789-4cd7-a5b3-ee240e5ddf45}</UniqueIdentifier>
    </Filter>
    <Filter Include="Header Files\banks\bank56">
      <UniqueIdentifier>{efa33ff4-74a8-4b36-80b6-6430b4a3c2d1}</UniqueIdentifier>
    </Filter>
    <Filter Include="Header Files\banks\bank64">
      <UniqueIdentifier>{3e64a725-c603-4968-af7f-a18f95b78db4}</UniqueIdentifier>
    </Filter>
    <Filter Include="Source Files\banks\bank08">
      <UniqueIdentifier>{0c26745d-5c6b-487d-8e84-9cd28e10fc5e}</UniqueIdentifier>
    </Filter>
    <Filter Include="Source Files\banks\bank16">
      <UniqueIdentifier>{05e313d7-e371-4afd-994f-d286be823688}</UniqueIdentifier>
    </Filter>
    <Filter Include="Source Files\banks\bank24">
      <UniqueIdentifier>{5da63476-09e1-4184-84ff-3a391992bff8}</UniqueIdentifier>
    </Filter>
    <Filter Include="Source Files\banks\bank32">
      <UniqueIdentifier>{6bf116ea-1102-4709-b2e6-5d03aa16233f}</UniqueIdentifier>
    </Filter>
    <Filter Include="Source Files\banks\bank40">
      <UniqueIdentifier>{5cb9767e-48f2-43c4-b59a-6795c79cf18c}</UniqueIdentifier>
    </Filter>
    <Filter Include="Source Files\banks\bank48">
      <UniqueIdentifier>{ceec99a1-3e66-47ef-beb1-5924400bd65a}</UniqueIdentifier>
    </Filter>
    <Filter Include="Source Files\banks\bank56">
      <UniqueIdentifier>{78333d0a-512d-4c99-819d-519f8998540b}</UniqueIdentifier>
    </Filter>
    <Filter Include="Source Files\banks\bank64">
      <UniqueIdentifier>{dc6eced2-e13d-4619-ac11-bb2b70fa1477}</UniqueIdentifier>
    </Filter>
  </ItemGroup>
  <ItemGroup>
    <ClCompile Include="main.c">
      <Filter>Source Files</Filter>
    </ClCompile>
    <ClCompile Include="devkit\_sms_manager.c">
      <Filter>Source Files\devkit</Filter>
    </ClCompile>
    <ClCompile Include="devkit\_snd_manager.c">
      <Filter>Source Files\devkit</Filter>
    </ClCompile>
    <ClCompile Include="game.c">
      <Filter>Source Files</Filter>
    </ClCompile>
    <ClCompile Include="engine\asm_manager.c">
      <Filter>Source Files\engine</Filter>
    </ClCompile>
    <ClCompile Include="engine\content_manager.c">
      <Filter>Source Files\engine</Filter>
    </ClCompile>
    <ClCompile Include="engine\font_manager.c">
      <Filter>Source Files\engine</Filter>
    </ClCompile>
    <ClCompile Include="engine\screen_manager.c">
      <Filter>Source Files\engine</Filter>
    </ClCompile>
    <ClCompile Include="engine\input_manager.c">
      <Filter>Source Files\engine</Filter>
    </ClCompile>
    <ClCompile Include="engine\global_manager.c">
      <Filter>Source Files\engine</Filter>
    </ClCompile>
    <ClCompile Include="engine\enum_manager.c">
      <Filter>Source Files\engine</Filter>
    </ClCompile>
    <ClCompile Include="screen\none_screen.c">
      <Filter>Source Files\screen</Filter>
    </ClCompile>
    <ClCompile Include="screen\test_screen.c">
      <Filter>Source Files\screen</Filter>
    </ClCompile>
    <ClCompile Include="banks\fixedbank.c">
      <Filter>Source Files</Filter>
    </ClCompile>
    <ClCompile Include="engine\riff_manager.c">
      <Filter>Source Files\engine</Filter>
    </ClCompile>
    <ClCompile Include="engine\sample_manager.c">
      <Filter>Source Files\engine</Filter>
    </ClCompile>
    <ClCompile Include="banks\bank2.c">
      <Filter>Source Files\banks\bank08</Filter>
    </ClCompile>
    <ClCompile Include="banks\bank3.c">
      <Filter>Source Files\banks\bank08</Filter>
    </ClCompile>
    <ClCompile Include="banks\bank4.c">
      <Filter>Source Files\banks\bank08</Filter>
    </ClCompile>
    <ClCompile Include="banks\bank5.c">
      <Filter>Source Files\banks\bank08</Filter>
    </ClCompile>
    <ClCompile Include="banks\bank6.c">
      <Filter>Source Files\banks\bank08</Filter>
    </ClCompile>
    <ClCompile Include="banks\bank7.c">
      <Filter>Source Files\banks\bank08</Filter>
    </ClCompile>
    <ClCompile Include="banks\bank8.c">
      <Filter>Source Files\banks\bank08</Filter>
    </ClCompile>
    <ClCompile Include="banks\bank9.c">
      <Filter>Source Files\banks\bank16</Filter>
    </ClCompile>
    <ClCompile Include="banks\bank10.c">
      <Filter>Source Files\banks\bank16</Filter>
    </ClCompile>
    <ClCompile Include="banks\bank11.c">
      <Filter>Source Files\banks\bank16</Filter>
    </ClCompile>
    <ClCompile Include="banks\bank12.c">
      <Filter>Source Files\banks\bank16</Filter>
    </ClCompile>
    <ClCompile Include="banks\bank13.c">
      <Filter>Source Files\banks\bank16</Filter>
    </ClCompile>
    <ClCompile Include="banks\bank14.c">
      <Filter>Source Files\banks\bank16</Filter>
    </ClCompile>
    <ClCompile Include="banks\bank15.c">
      <Filter>Source Files\banks\bank16</Filter>
    </ClCompile>
    <ClCompile Include="banks\bank16.c">
      <Filter>Source Files\banks\bank16</Filter>
    </ClCompile>
    <ClCompile Include="banks\bank17.c">
      <Filter>Source Files\banks\bank24</Filter>
    </ClCompile>
    <ClCompile Include="banks\bank18.c">
      <Filter>Source Files\banks\bank24</Filter>
    </ClCompile>
    <ClCompile Include="banks\bank19.c">
      <Filter>Source Files\banks\bank24</Filter>
    </ClCompile>
    <ClCompile Include="banks\bank20.c">
      <Filter>Source Files\banks\bank24</Filter>
    </ClCompile>
    <ClCompile Include="banks\bank21.c">
      <Filter>Source Files\banks\bank24</Filter>
    </ClCompile>
    <ClCompile Include="banks\bank22.c">
      <Filter>Source Files\banks\bank24</Filter>
    </ClCompile>
    <ClCompile Include="banks\bank23.c">
      <Filter>Source Files\banks\bank24</Filter>
    </ClCompile>
    <ClCompile Include="banks\bank24.c">
      <Filter>Source Files\banks\bank24</Filter>
    </ClCompile>
    <ClCompile Include="banks\bank25.c">
      <Filter>Source Files\banks\bank32</Filter>
    </ClCompile>
    <ClCompile Include="banks\bank26.c">
      <Filter>Source Files\banks\bank32</Filter>
    </ClCompile>
    <ClCompile Include="banks\bank27.c">
      <Filter>Source Files\banks\bank32</Filter>
    </ClCompile>
    <ClCompile Include="banks\bank28.c">
      <Filter>Source Files\banks\bank32</Filter>
    </ClCompile>
    <ClCompile Include="banks\bank29.c">
      <Filter>Source Files\banks\bank32</Filter>
    </ClCompile>
    <ClCompile Include="banks\bank30.c">
      <Filter>Source Files\banks\bank32</Filter>
    </ClCompile>
    <ClCompile Include="banks\bank31.c">
      <Filter>Source Files\banks\bank32</Filter>
    </ClCompile>
    <ClCompile Include="banks\bank32.c">
      <Filter>Source Files\banks\bank32</Filter>
    </ClCompile>
    <ClCompile Include="banks\bank33.c">
      <Filter>Source Files\banks\bank40</Filter>
    </ClCompile>
    <ClCompile Include="banks\bank34.c">
      <Filter>Source Files\banks\bank40</Filter>
    </ClCompile>
    <ClCompile Include="banks\bank35.c">
      <Filter>Source Files\banks\bank40</Filter>
    </ClCompile>
    <ClCompile Include="banks\bank36.c">
      <Filter>Source Files\banks\bank40</Filter>
    </ClCompile>
    <ClCompile Include="banks\bank37.c">
      <Filter>Source Files\banks\bank40</Filter>
    </ClCompile>
    <ClCompile Include="banks\bank38.c">
      <Filter>Source Files\banks\bank40</Filter>
    </ClCompile>
    <ClCompile Include="banks\bank39.c">
      <Filter>Source Files\banks\bank40</Filter>
    </ClCompile>
    <ClCompile Include="banks\bank40.c">
      <Filter>Source Files\banks\bank40</Filter>
    </ClCompile>
    <ClCompile Include="banks\bank41.c">
      <Filter>Source Files\banks\bank48</Filter>
    </ClCompile>
    <ClCompile Include="banks\bank42.c">
      <Filter>Source Files\banks\bank48</Filter>
    </ClCompile>
    <ClCompile Include="banks\bank43.c">
      <Filter>Source Files\banks\bank48</Filter>
    </ClCompile>
    <ClCompile Include="banks\bank44.c">
      <Filter>Source Files\banks\bank48</Filter>
    </ClCompile>
    <ClCompile Include="banks\bank45.c">
      <Filter>Source Files\banks\bank48</Filter>
    </ClCompile>
    <ClCompile Include="banks\bank46.c">
      <Filter>Source Files\banks\bank48</Filter>
    </ClCompile>
    <ClCompile Include="banks\bank47.c">
      <Filter>Source Files\banks\bank48</Filter>
    </ClCompile>
    <ClCompile Include="banks\bank48.c">
      <Filter>Source Files\banks\bank48</Filter>
    </ClCompile>
    <ClCompile Include="banks\bank49.c">
      <Filter>Source Files\banks\bank56</Filter>
    </ClCompile>
    <ClCompile Include="banks\bank50.c">
      <Filter>Source Files\banks\bank56</Filter>
    </ClCompile>
    <ClCompile Include="banks\bank51.c">
      <Filter>Source Files\banks\bank56</Filter>
    </ClCompile>
    <ClCompile Include="banks\bank52.c">
      <Filter>Source Files\banks\bank56</Filter>
    </ClCompile>
    <ClCompile Include="banks\bank53.c">
      <Filter>Source Files\banks\bank56</Filter>
    </ClCompile>
    <ClCompile Include="banks\bank54.c">
      <Filter>Source Files\banks\bank56</Filter>
    </ClCompile>
    <ClCompile Include="banks\bank55.c">
      <Filter>Source Files\banks\bank56</Filter>
    </ClCompile>
    <ClCompile Include="banks\bank56.c">
      <Filter>Source Files\banks\bank56</Filter>
    </ClCompile>
    <ClCompile Include="banks\bank57.c">
      <Filter>Source Files\banks\bank64</Filter>
    </ClCompile>
    <ClCompile Include="banks\bank58.c">
      <Filter>Source Files\banks\bank64</Filter>
    </ClCompile>
    <ClCompile Include="banks\bank59.c">
      <Filter>Source Files\banks\bank64</Filter>
    </ClCompile>
    <ClCompile Include="banks\bank60.c">
      <Filter>Source Files\banks\bank64</Filter>
    </ClCompile>
    <ClCompile Include="banks\bank61.c">
      <Filter>Source Files\banks\bank64</Filter>
    </ClCompile>
    <ClCompile Include="banks\bank62.c">
      <Filter>Source Files\banks\bank64</Filter>
    </ClCompile>
    <ClCompile Include="banks\bank63.c">
      <Filter>Source Files\banks\bank64</Filter>
    </ClCompile>
    <ClCompile Include="screen\riff_screen.c">
      <Filter>Source Files\screen</Filter>
    </ClCompile>
    <ClCompile Include="screen\song_screen.c">
      <Filter>Source Files\screen</Filter>
    </ClCompile>
  </ItemGroup>
  <ItemGroup>
    <None Include="build.bat">
      <Filter>Resource Files</Filter>
    </None>
  </ItemGroup>
  <ItemGroup>
    <ClInclude Include="main.h">
      <Filter>Header Files</Filter>
    </ClInclude>
    <ClInclude Include="devkit\_sms_manager.h">
      <Filter>Header Files\devkit</Filter>
    </ClInclude>
    <ClInclude Include="devkit\_snd_manager.h">
      <Filter>Header Files\devkit</Filter>
    </ClInclude>
    <ClInclude Include="game.h">
      <Filter>Header Files</Filter>
    </ClInclude>
    <ClInclude Include="engine\asm_manager.h">
      <Filter>Header Files\engine</Filter>
    </ClInclude>
    <ClInclude Include="engine\content_manager.h">
      <Filter>Header Files\engine</Filter>
    </ClInclude>
    <ClInclude Include="engine\font_manager.h">
      <Filter>Header Files\engine</Filter>
    </ClInclude>
    <ClInclude Include="engine\screen_manager.h">
      <Filter>Header Files\engine</Filter>
    </ClInclude>
    <ClInclude Include="engine\input_manager.h">
      <Filter>Header Files\engine</Filter>
    </ClInclude>
    <ClInclude Include="engine\global_manager.h">
      <Filter>Header Files\engine</Filter>
    </ClInclude>
    <ClInclude Include="engine\enum_manager.h">
      <Filter>Header Files\engine</Filter>
    </ClInclude>
    <ClInclude Include="screen\none_screen.h">
      <Filter>Header Files\screen</Filter>
    </ClInclude>
    <ClInclude Include="screen\test_screen.h">
      <Filter>Header Files\screen</Filter>
    </ClInclude>
    <ClInclude Include="banks\fixedbank.h">
      <Filter>Header Files</Filter>
    </ClInclude>
    <ClInclude Include="engine\riff_manager.h">
      <Filter>Header Files\engine</Filter>
    </ClInclude>
    <ClInclude Include="engine\sample_manager.h">
      <Filter>Header Files\engine</Filter>
    </ClInclude>
    <ClInclude Include="banks\bank2.h">
      <Filter>Header Files\banks\bank08</Filter>
    </ClInclude>
    <ClInclude Include="banks\bank3.h">
      <Filter>Header Files\banks\bank08</Filter>
    </ClInclude>
    <ClInclude Include="banks\bank4.h">
      <Filter>Header Files\banks\bank08</Filter>
    </ClInclude>
    <ClInclude Include="banks\bank5.h">
      <Filter>Header Files\banks\bank08</Filter>
    </ClInclude>
    <ClInclude Include="banks\bank6.h">
      <Filter>Header Files\banks\bank08</Filter>
    </ClInclude>
    <ClInclude Include="banks\bank7.h">
      <Filter>Header Files\banks\bank08</Filter>
    </ClInclude>
    <ClInclude Include="banks\bank8.h">
      <Filter>Header Files\banks\bank08</Filter>
    </ClInclude>
    <ClInclude Include="banks\bank9.h">
      <Filter>Header Files\banks\bank16</Filter>
    </ClInclude>
    <ClInclude Include="banks\bank10.h">
      <Filter>Header Files\banks\bank16</Filter>
    </ClInclude>
    <ClInclude Include="banks\bank11.h">
      <Filter>Header Files\banks\bank16</Filter>
    </ClInclude>
    <ClInclude Include="banks\bank12.h">
      <Filter>Header Files\banks\bank16</Filter>
    </ClInclude>
    <ClInclude Include="banks\bank13.h">
      <Filter>Header Files\banks\bank16</Filter>
    </ClInclude>
    <ClInclude Include="banks\bank14.h">
      <Filter>Header Files\banks\bank16</Filter>
    </ClInclude>
    <ClInclude Include="banks\bank15.h">
      <Filter>Header Files\banks\bank16</Filter>
    </ClInclude>
    <ClInclude Include="banks\bank16.h">
      <Filter>Header Files\banks\bank16</Filter>
    </ClInclude>
    <ClInclude Include="banks\bank17.h">
      <Filter>Header Files\banks\bank24</Filter>
    </ClInclude>
    <ClInclude Include="banks\bank18.h">
      <Filter>Header Files\banks\bank24</Filter>
    </ClInclude>
    <ClInclude Include="banks\bank19.h">
      <Filter>Header Files\banks\bank24</Filter>
    </ClInclude>
    <ClInclude Include="banks\bank20.h">
      <Filter>Header Files\banks\bank24</Filter>
    </ClInclude>
    <ClInclude Include="banks\bank21.h">
      <Filter>Header Files\banks\bank24</Filter>
    </ClInclude>
    <ClInclude Include="banks\bank22.h">
      <Filter>Header Files\banks\bank24</Filter>
    </ClInclude>
    <ClInclude Include="banks\bank23.h">
      <Filter>Header Files\banks\bank24</Filter>
    </ClInclude>
    <ClInclude Include="banks\bank24.h">
      <Filter>Header Files\banks\bank24</Filter>
    </ClInclude>
    <ClInclude Include="banks\bank25.h">
      <Filter>Header Files\banks\bank32</Filter>
    </ClInclude>
    <ClInclude Include="banks\bank26.h">
      <Filter>Header Files\banks\bank32</Filter>
    </ClInclude>
    <ClInclude Include="banks\bank27.h">
      <Filter>Header Files\banks\bank32</Filter>
    </ClInclude>
    <ClInclude Include="banks\bank28.h">
      <Filter>Header Files\banks\bank32</Filter>
    </ClInclude>
    <ClInclude Include="banks\bank29.h">
      <Filter>Header Files\banks\bank32</Filter>
    </ClInclude>
    <ClInclude Include="banks\bank30.h">
      <Filter>Header Files\banks\bank32</Filter>
    </ClInclude>
    <ClInclude Include="banks\bank31.h">
      <Filter>Header Files\banks\bank32</Filter>
    </ClInclude>
    <ClInclude Include="banks\bank32.h">
      <Filter>Header Files\banks\bank32</Filter>
    </ClInclude>
    <ClInclude Include="banks\bank33.h">
      <Filter>Header Files\banks\bank40</Filter>
    </ClInclude>
    <ClInclude Include="banks\bank34.h">
      <Filter>Header Files\banks\bank40</Filter>
    </ClInclude>
    <ClInclude Include="banks\bank35.h">
      <Filter>Header Files\banks\bank40</Filter>
    </ClInclude>
    <ClInclude Include="banks\bank36.h">
      <Filter>Header Files\banks\bank40</Filter>
    </ClInclude>
    <ClInclude Include="banks\bank37.h">
      <Filter>Header Files\banks\bank40</Filter>
    </ClInclude>
    <ClInclude Include="banks\bank38.h">
      <Filter>Header Files\banks\bank40</Filter>
    </ClInclude>
    <ClInclude Include="banks\bank39.h">
      <Filter>Header Files\banks\bank40</Filter>
    </ClInclude>
    <ClInclude Include="banks\bank40.h">
      <Filter>Header Files\banks\bank40</Filter>
    </ClInclude>
    <ClInclude Include="banks\bank41.h">
      <Filter>Header Files\banks\bank48</Filter>
    </ClInclude>
    <ClInclude Include="banks\bank42.h">
      <Filter>Header Files\banks\bank48</Filter>
    </ClInclude>
    <ClInclude Include="banks\bank43.h">
      <Filter>Header Files\banks\bank48</Filter>
    </ClInclude>
    <ClInclude Include="banks\bank44.h">
      <Filter>Header Files\banks\bank48</Filter>
    </ClInclude>
    <ClInclude Include="banks\bank45.h">
      <Filter>Header Files\banks\bank48</Filter>
    </ClInclude>
    <ClInclude Include="banks\bank46.h">
      <Filter>Header Files\banks\bank48</Filter>
    </ClInclude>
    <ClInclude Include="banks\bank47.h">
      <Filter>Header Files\banks\bank48</Filter>
    </ClInclude>
    <ClInclude Include="banks\bank48.h">
      <Filter>Header Files\banks\bank48</Filter>
    </ClInclude>
    <ClInclude Include="banks\bank49.h">
      <Filter>Header Files\banks\bank56</Filter>
    </ClInclude>
    <ClInclude Include="banks\bank50.h">
      <Filter>Header Files\banks\bank56</Filter>
    </ClInclude>
    <ClInclude Include="banks\bank51.h">
      <Filter>Header Files\banks\bank56</Filter>
    </ClInclude>
    <ClInclude Include="banks\bank52.h">
      <Filter>Header Files\banks\bank56</Filter>
    </ClInclude>
    <ClInclude Include="banks\bank53.h">
      <Filter>Header Files\banks\bank56</Filter>
    </ClInclude>
    <ClInclude Include="banks\bank54.h">
      <Filter>Header Files\banks\bank56</Filter>
    </ClInclude>
    <ClInclude Include="banks\bank55.h">
      <Filter>Header Files\banks\bank56</Filter>
    </ClInclude>
    <ClInclude Include="banks\bank56.h">
      <Filter>Header Files\banks\bank56</Filter>
    </ClInclude>
    <ClInclude Include="banks\bank57.h">
      <Filter>Header Files\banks\bank64</Filter>
    </ClInclude>
    <ClInclude Include="banks\bank58.h">
      <Filter>Header Files\banks\bank64</Filter>
    </ClInclude>
    <ClInclude Include="banks\bank59.h">
      <Filter>Header Files\banks\bank64</Filter>
    </ClInclude>
    <ClInclude Include="banks\bank60.h">
      <Filter>Header Files\banks\bank64</Filter>
    </ClInclude>
    <ClInclude Include="banks\bank61.h">
      <Filter>Header Files\banks\bank64</Filter>
    </ClInclude>
    <ClInclude Include="banks\bank62.h">
      <Filter>Header Files\banks\bank64</Filter>
    </ClInclude>
    <ClInclude Include="banks\bank63.h">
      <Filter>Header Files\banks\bank64</Filter>
    </ClInclude>
    <ClInclude Include="screen\riff_screen.h">
      <Filter>Header Files\screen</Filter>
    </ClInclude>
    <ClInclude Include="screen\song_screen.h">
      <Filter>Header Files\screen</Filter>
    </ClInclude>
  </ItemGroup>
</Project>