<?xml version="1.0" encoding="utf-8"?>
<Project ToolsVersion="4.0" xmlns="http://schemas.microsoft.com/developer/msbuild/2003">
  <ItemGroup>
    <Filter Include="Source Files">
      <UniqueIdentifier>{4FC737F1-C7A5-4376-A066-2A32D752A2FF}</UniqueIdentifier>
      <Extensions>cpp;c;cc;cxx;def;odl;idl;hpj;bat;asm;asmx</Extensions>
    </Filter>
    <Filter Include="Header Files">
      <UniqueIdentifier>{93995380-89BD-4b04-88EB-625FBE52EBFB}</UniqueIdentifier>
      <Extensions>h;hh;hpp;hxx;hm;inl;inc;xsd</Extensions>
    </Filter>
    <Filter Include="Resource Files">
      <UniqueIdentifier>{67DA6AB6-F800-4c08-8B7A-83BB121AAD01}</UniqueIdentifier>
      <Extensions>rc;ico;cur;bmp;dlg;rc2;rct;bin;rgs;gif;jpg;jpeg;jpe;resx;tiff;tif;png;wav;mfcribbon-ms</Extensions>
    </Filter>
    <Filter Include="Header Files\banks">
      <UniqueIdentifier>{91f72c60-1265-491e-a3fa-cfe395cf5089}</UniqueIdentifier>
    </Filter>
    <Filter Include="Source Files\banks">
      <UniqueIdentifier>{a85805d5-a909-4afe-8b7d-ed422f517cab}</UniqueIdentifier>
    </Filter>
    <Filter Include="Header Files\engine">
      <UniqueIdentifier>{9a03ffea-3535-4090-92d1-9ba9d01413f1}</UniqueIdentifier>
    </Filter>
    <Filter Include="Source Files\engine">
      <UniqueIdentifier>{d3f2c16c-932b-4723-a5da-a541d3b647f4}</UniqueIdentifier>
    </Filter>
  </ItemGroup>
  <ItemGroup>
    <None Include="build.bat">
      <Filter>Resource Files</Filter>
    </None>
  </ItemGroup>
  <ItemGroup>
    <ClInclude Include="enemy.h">
      <Filter>Header Files</Filter>
    </ClInclude>
    <ClInclude Include="enemycharacter.h">
      <Filter>Header Files</Filter>
    </ClInclude>
    <ClInclude Include="gamelogic.h">
      <Filter>Header Files</Filter>
    </ClInclude>
    <ClInclude Include="montylib.h">
      <Filter>Header Files</Filter>
    </ClInclude>
    <ClInclude Include="player.h">
      <Filter>Header Files</Filter>
    </ClInclude>
    <ClInclude Include="playercharacter.h">
      <Filter>Header Files</Filter>
    </ClInclude>
    <ClInclude Include="randLut.h">
      <Filter>Header Files</Filter>
    </ClInclude>
    <ClInclude Include="resources.h">
      <Filter>Header Files</Filter>
    </ClInclude>
    <ClInclude Include="bank2.h">
      <Filter>Header Files\banks</Filter>
    </ClInclude>
    <ClInclude Include="bank3.h">
      <Filter>Header Files\banks</Filter>
    </ClInclude>
    <ClInclude Include="bank4.h">
      <Filter>Header Files\banks</Filter>
    </ClInclude>
    <ClInclude Include="spriteengine.h">
      <Filter>Header Files\engine</Filter>
    </ClInclude>
    <ClInclude Include="soundengine.h">
      <Filter>Header Files\engine</Filter>
    </ClInclude>
  </ItemGroup>
  <ItemGroup>
    <ClCompile Include="enemy.c">
      <Filter>Source Files</Filter>
    </ClCompile>
    <ClCompile Include="game.c">
      <Filter>Source Files</Filter>
    </ClCompile>
    <ClCompile Include="gamelogic.c">
      <Filter>Source Files</Filter>
    </ClCompile>
    <ClCompile Include="montylib.c">
      <Filter>Source Files</Filter>
    </ClCompile>
    <ClCompile Include="player.c">
      <Filter>Source Files</Filter>
    </ClCompile>
    <ClCompile Include="resources.c">
      <Filter>Source Files</Filter>
    </ClCompile>
    <ClCompile Include="scrolltester.c">
      <Filter>Source Files</Filter>
    </ClCompile>
    <ClCompile Include="bank2.c">
      <Filter>Source Files\banks</Filter>
    </ClCompile>
    <ClCompile Include="bank3.c">
      <Filter>Source Files\banks</Filter>
    </ClCompile>
    <ClCompile Include="bank4.c">
      <Filter>Source Files\banks</Filter>
    </ClCompile>
    <ClCompile Include="spriteengine.c">
      <Filter>Source Files\engine</Filter>
    </ClCompile>
    <ClCompile Include="soundengine.c">
      <Filter>Source Files\engine</Filter>
    </ClCompile>
  </ItemGroup>
</Project>