<?xml version="1.0" encoding="utf-8"?>
<Project ToolsVersion="4.0" xmlns="http://schemas.microsoft.com/developer/msbuild/2003">
  <ItemGroup>
    <Filter Include="Source Files">
      <UniqueIdentifier>{4FC737F1-C7A5-4376-A066-2A32D752A2FF}</UniqueIdentifier>
      <Extensions>cpp;c;cc;cxx;def;odl;idl;hpj;bat;asm;asmx</Extensions>
    </Filter>
    <Filter Include="Header Files">
      <UniqueIdentifier>{93995380-89BD-4b04-88EB-625FBE52EBFB}</UniqueIdentifier>
      <Extensions>h;hh;hpp;hxx;hm;inl;inc;xsd</Extensions>
    </Filter>
    <Filter Include="Resource Files">
      <UniqueIdentifier>{67DA6AB6-F800-4c08-8B7A-83BB121AAD01}</UniqueIdentifier>
      <Extensions>rc;ico;cur;bmp;dlg;rc2;rct;bin;rgs;gif;jpg;jpeg;jpe;resx;tiff;tif;png;wav;mfcribbon-ms</Extensions>
    </Filter>
    <Filter Include="Header Files\devkit">
      <UniqueIdentifier>{7f633552-a6d4-4fb7-a338-9117501e7ee0}</UniqueIdentifier>
    </Filter>
    <Filter Include="Source Files\devkit">
      <UniqueIdentifier>{f148aff4-06ab-469a-9d2a-cf52e99900e0}</UniqueIdentifier>
    </Filter>
    <Filter Include="Header Files\engine">
      <UniqueIdentifier>{1be31f48-5c0f-4a9b-9f9e-523d88703058}</UniqueIdentifier>
    </Filter>
    <Filter Include="Source Files\engine">
      <UniqueIdentifier>{10b12b8c-8725-42c5-948c-255ef353cf76}</UniqueIdentifier>
    </Filter>
    <Filter Include="Header Files\object">
      <UniqueIdentifier>{d30cbed4-f260-4c7e-a855-61d93d865ba7}</UniqueIdentifier>
    </Filter>
    <Filter Include="Source Files\object">
      <UniqueIdentifier>{c932c4a3-5aeb-4fde-9b09-385d07ae8a42}</UniqueIdentifier>
    </Filter>
    <Filter Include="Header Files\screen">
      <UniqueIdentifier>{dbf6bd74-d169-4270-b9a3-746a6df81a2d}</UniqueIdentifier>
    </Filter>
    <Filter Include="Source Files\screen">
      <UniqueIdentifier>{1a9bc499-d7ff-41ee-9cff-7841e2102731}</UniqueIdentifier>
    </Filter>
    <Filter Include="Source Files\banks">
      <UniqueIdentifier>{91194f39-833c-45b0-aaee-4ed484ae81d2}</UniqueIdentifier>
    </Filter>
    <Filter Include="Header Files\banks">
      <UniqueIdentifier>{f55afaba-f0d3-4955-963d-3b878c85dc59}</UniqueIdentifier>
    </Filter>
    <Filter Include="Header Files\banks\bank08">
      <UniqueIdentifier>{bcfeb8f3-8f8d-4cd8-8ad3-61338461d24b}</UniqueIdentifier>
    </Filter>
    <Filter Include="Source Files\banks\bank08">
      <UniqueIdentifier>{b720f71b-9c7d-411f-a67f-0b1f2a42b9bc}</UniqueIdentifier>
    </Filter>
    <Filter Include="Header Files\banks\bank16">
      <UniqueIdentifier>{357072da-adc3-4132-955a-8fb878474219}</UniqueIdentifier>
    </Filter>
    <Filter Include="Source Files\banks\bank16">
      <UniqueIdentifier>{e09a9fe2-baa7-4eac-8096-e450c49704c2}</UniqueIdentifier>
    </Filter>
  </ItemGroup>
  <ItemGroup>
    <ClCompile Include="main.c">
      <Filter>Source Files</Filter>
    </ClCompile>
    <ClCompile Include="devkit\_sms_manager.c">
      <Filter>Source Files\devkit</Filter>
    </ClCompile>
    <ClCompile Include="devkit\_snd_manager.c">
      <Filter>Source Files\devkit</Filter>
    </ClCompile>
    <ClCompile Include="game.c">
      <Filter>Source Files</Filter>
    </ClCompile>
    <ClCompile Include="engine\asm_manager.c">
      <Filter>Source Files\engine</Filter>
    </ClCompile>
    <ClCompile Include="engine\content_manager.c">
      <Filter>Source Files\engine</Filter>
    </ClCompile>
    <ClCompile Include="engine\font_manager.c">
      <Filter>Source Files\engine</Filter>
    </ClCompile>
    <ClCompile Include="engine\screen_manager.c">
      <Filter>Source Files\engine</Filter>
    </ClCompile>
    <ClCompile Include="engine\sprite_manager.c">
      <Filter>Source Files\engine</Filter>
    </ClCompile>
    <ClCompile Include="engine\input_manager.c">
      <Filter>Source Files\engine</Filter>
    </ClCompile>
    <ClCompile Include="engine\global_manager.c">
      <Filter>Source Files\engine</Filter>
    </ClCompile>
    <ClCompile Include="engine\audio_manager.c">
      <Filter>Source Files\engine</Filter>
    </ClCompile>
    <ClCompile Include="engine\tile_manager.c">
      <Filter>Source Files\engine</Filter>
    </ClCompile>
    <ClCompile Include="engine\enum_manager.c">
      <Filter>Source Files\engine</Filter>
    </ClCompile>
    <ClCompile Include="engine\storage_manager.c">
      <Filter>Source Files\engine</Filter>
    </ClCompile>
    <ClCompile Include="object\storage_object.c">
      <Filter>Source Files\object</Filter>
    </ClCompile>
    <ClCompile Include="engine\scroll_manager.c">
      <Filter>Source Files\engine</Filter>
    </ClCompile>
    <ClCompile Include="engine\level_manager.c">
      <Filter>Source Files\engine</Filter>
    </ClCompile>
    <ClCompile Include="object\level_object.c">
      <Filter>Source Files\object</Filter>
    </ClCompile>
    <ClCompile Include="object\tile_object.c">
      <Filter>Source Files\object</Filter>
    </ClCompile>
    <ClCompile Include="object\scroll_object.c">
      <Filter>Source Files\object</Filter>
    </ClCompile>
    <ClCompile Include="screen\func_screen.c">
      <Filter>Source Files\screen</Filter>
    </ClCompile>
    <ClCompile Include="screen\none_screen.c">
      <Filter>Source Files\screen</Filter>
    </ClCompile>
    <ClCompile Include="screen\splash_screen.c">
      <Filter>Source Files\screen</Filter>
    </ClCompile>
    <ClCompile Include="screen\test_screen.c">
      <Filter>Source Files\screen</Filter>
    </ClCompile>
    <ClCompile Include="screen\title_screen.c">
      <Filter>Source Files\screen</Filter>
    </ClCompile>
    <ClCompile Include="banks\fixedbank.c">
      <Filter>Source Files</Filter>
    </ClCompile>
    <ClCompile Include="screen\init_screen.c">
      <Filter>Source Files\screen</Filter>
    </ClCompile>
    <ClCompile Include="object\player_object.c">
      <Filter>Source Files\object</Filter>
    </ClCompile>
    <ClCompile Include="engine\player_manager.c">
      <Filter>Source Files\engine</Filter>
    </ClCompile>
    <ClCompile Include="engine\graphics_manager.c">
      <Filter>Source Files\engine</Filter>
    </ClCompile>
    <ClCompile Include="screen\play_screen.c">
      <Filter>Source Files\screen</Filter>
    </ClCompile>
    <ClCompile Include="object\audio_object.c">
      <Filter>Source Files\object</Filter>
    </ClCompile>
    <ClCompile Include="screen\load_screen.c">
      <Filter>Source Files\screen</Filter>
    </ClCompile>
    <ClCompile Include="screen\ready_screen.c">
      <Filter>Source Files\screen</Filter>
    </ClCompile>
    <ClCompile Include="screen\start_screen.c">
      <Filter>Source Files\screen</Filter>
    </ClCompile>
    <ClCompile Include="screen\intro_screen.c">
      <Filter>Source Files\screen</Filter>
    </ClCompile>
    <ClCompile Include="screen\pass_screen.c">
      <Filter>Source Files\screen</Filter>
    </ClCompile>
    <ClCompile Include="screen\beat_screen.c">
      <Filter>Source Files\screen</Filter>
    </ClCompile>
    <ClCompile Include="screen\begin_screen.c">
      <Filter>Source Files\screen</Filter>
    </ClCompile>
    <ClCompile Include="screen\boss_screen.c">
      <Filter>Source Files\screen</Filter>
    </ClCompile>
    <ClCompile Include="screen\cont_screen.c">
      <Filter>Source Files\screen</Filter>
    </ClCompile>
    <ClCompile Include="screen\dead_screen.c">
      <Filter>Source Files\screen</Filter>
    </ClCompile>
    <ClCompile Include="screen\option_screen.c">
      <Filter>Source Files\screen</Filter>
    </ClCompile>
    <ClCompile Include="screen\over_screen.c">
      <Filter>Source Files\screen</Filter>
    </ClCompile>
    <ClCompile Include="engine\debug_manager.c">
      <Filter>Source Files\engine</Filter>
    </ClCompile>
    <ClCompile Include="engine\hack_manager.c">
      <Filter>Source Files\engine</Filter>
    </ClCompile>
    <ClCompile Include="object\hack_object.c">
      <Filter>Source Files\object</Filter>
    </ClCompile>
    <ClCompile Include="engine\collision_manager.c">
      <Filter>Source Files\engine</Filter>
    </ClCompile>
    <ClCompile Include="engine\util_manager.c">
      <Filter>Source Files\engine</Filter>
    </ClCompile>
    <ClCompile Include="object\game_object.c">
      <Filter>Source Files\object</Filter>
    </ClCompile>
    <ClCompile Include="engine\timer_manager.c">
      <Filter>Source Files\engine</Filter>
    </ClCompile>
    <ClCompile Include="object\timer_object.c">
      <Filter>Source Files\object</Filter>
    </ClCompile>
    <ClCompile Include="controller.c">
      <Filter>Source Files</Filter>
    </ClCompile>
    <ClCompile Include="engine\game_manager.c">
      <Filter>Source Files\engine</Filter>
    </ClCompile>
    <ClCompile Include="screen\demo_screen.c">
      <Filter>Source Files\screen</Filter>
    </ClCompile>
    <ClCompile Include="screen\diff_screen.c">
      <Filter>Source Files\screen</Filter>
    </ClCompile>
    <ClCompile Include="screen\level_screen.c">
      <Filter>Source Files\screen</Filter>
    </ClCompile>
    <ClCompile Include="engine\command_manager.c">
      <Filter>Source Files\engine</Filter>
    </ClCompile>
    <ClCompile Include="engine\cartoon_manager.c">
      <Filter>Source Files\engine</Filter>
    </ClCompile>
    <ClCompile Include="object\command_object.c">
      <Filter>Source Files\object</Filter>
    </ClCompile>
    <ClCompile Include="banks\bank7.c">
      <Filter>Source Files\banks\bank08</Filter>
    </ClCompile>
    <ClCompile Include="banks\bank2.c">
      <Filter>Source Files\banks\bank08</Filter>
    </ClCompile>
    <ClCompile Include="banks\bank3.c">
      <Filter>Source Files\banks\bank08</Filter>
    </ClCompile>
    <ClCompile Include="banks\bank4.c">
      <Filter>Source Files\banks\bank08</Filter>
    </ClCompile>
    <ClCompile Include="banks\bank5.c">
      <Filter>Source Files\banks\bank08</Filter>
    </ClCompile>
    <ClCompile Include="banks\bank6.c">
      <Filter>Source Files\banks\bank08</Filter>
    </ClCompile>
    <ClCompile Include="banks\bank8.c">
      <Filter>Source Files\banks\bank08</Filter>
    </ClCompile>
    <ClCompile Include="banks\bank9.c">
      <Filter>Source Files\banks\bank16</Filter>
    </ClCompile>
    <ClCompile Include="banks\bank10.c">
      <Filter>Source Files\banks\bank16</Filter>
    </ClCompile>
    <ClCompile Include="banks\bank11.c">
      <Filter>Source Files\banks\bank16</Filter>
    </ClCompile>
    <ClCompile Include="banks\bank12.c">
      <Filter>Source Files\banks\bank16</Filter>
    </ClCompile>
    <ClCompile Include="banks\bank13.c">
      <Filter>Source Files\banks\bank16</Filter>
    </ClCompile>
    <ClCompile Include="banks\bank14.c">
      <Filter>Source Files\banks\bank16</Filter>
    </ClCompile>
    <ClCompile Include="banks\bank15.c">
      <Filter>Source Files\banks\bank16</Filter>
    </ClCompile>
    <ClCompile Include="object\riff_object.c">
      <Filter>Source Files\object</Filter>
    </ClCompile>
    <ClCompile Include="engine\riff_manager.c">
      <Filter>Source Files\engine</Filter>
    </ClCompile>
    <ClCompile Include="engine\sample_manager.c">
      <Filter>Source Files\engine</Filter>
    </ClCompile>
    <ClCompile Include="screen\record_screen.c">
      <Filter>Source Files\screen</Filter>
    </ClCompile>
    <ClCompile Include="screen\repeat_screen.c">
      <Filter>Source Files\screen</Filter>
    </ClCompile>
  </ItemGroup>
  <ItemGroup>
    <None Include="build.bat">
      <Filter>Resource Files</Filter>
    </None>
  </ItemGroup>
  <ItemGroup>
    <ClInclude Include="main.h">
      <Filter>Header Files</Filter>
    </ClInclude>
    <ClInclude Include="devkit\_sms_manager.h">
      <Filter>Header Files\devkit</Filter>
    </ClInclude>
    <ClInclude Include="devkit\_snd_manager.h">
      <Filter>Header Files\devkit</Filter>
    </ClInclude>
    <ClInclude Include="game.h">
      <Filter>Header Files</Filter>
    </ClInclude>
    <ClInclude Include="engine\asm_manager.h">
      <Filter>Header Files\engine</Filter>
    </ClInclude>
    <ClInclude Include="engine\content_manager.h">
      <Filter>Header Files\engine</Filter>
    </ClInclude>
    <ClInclude Include="engine\font_manager.h">
      <Filter>Header Files\engine</Filter>
    </ClInclude>
    <ClInclude Include="engine\screen_manager.h">
      <Filter>Header Files\engine</Filter>
    </ClInclude>
    <ClInclude Include="engine\sprite_manager.h">
      <Filter>Header Files\engine</Filter>
    </ClInclude>
    <ClInclude Include="engine\input_manager.h">
      <Filter>Header Files\engine</Filter>
    </ClInclude>
    <ClInclude Include="engine\global_manager.h">
      <Filter>Header Files\engine</Filter>
    </ClInclude>
    <ClInclude Include="engine\audio_manager.h">
      <Filter>Header Files\engine</Filter>
    </ClInclude>
    <ClInclude Include="engine\tile_manager.h">
      <Filter>Header Files\engine</Filter>
    </ClInclude>
    <ClInclude Include="engine\enum_manager.h">
      <Filter>Header Files\engine</Filter>
    </ClInclude>
    <ClInclude Include="engine\storage_manager.h">
      <Filter>Header Files\engine</Filter>
    </ClInclude>
    <ClInclude Include="object\storage_object.h">
      <Filter>Header Files\object</Filter>
    </ClInclude>
    <ClInclude Include="engine\scroll_manager.h">
      <Filter>Header Files\engine</Filter>
    </ClInclude>
    <ClInclude Include="engine\level_manager.h">
      <Filter>Header Files\engine</Filter>
    </ClInclude>
    <ClInclude Include="object\level_object.h">
      <Filter>Header Files\object</Filter>
    </ClInclude>
    <ClInclude Include="object\tile_object.h">
      <Filter>Header Files\object</Filter>
    </ClInclude>
    <ClInclude Include="object\scroll_object.h">
      <Filter>Header Files\object</Filter>
    </ClInclude>
    <ClInclude Include="screen\func_screen.h">
      <Filter>Header Files\screen</Filter>
    </ClInclude>
    <ClInclude Include="screen\none_screen.h">
      <Filter>Header Files\screen</Filter>
    </ClInclude>
    <ClInclude Include="screen\splash_screen.h">
      <Filter>Header Files\screen</Filter>
    </ClInclude>
    <ClInclude Include="screen\test_screen.h">
      <Filter>Header Files\screen</Filter>
    </ClInclude>
    <ClInclude Include="screen\title_screen.h">
      <Filter>Header Files\screen</Filter>
    </ClInclude>
    <ClInclude Include="banks\fixedbank.h">
      <Filter>Header Files</Filter>
    </ClInclude>
    <ClInclude Include="screen\init_screen.h">
      <Filter>Header Files\screen</Filter>
    </ClInclude>
    <ClInclude Include="object\player_object.h">
      <Filter>Header Files\object</Filter>
    </ClInclude>
    <ClInclude Include="engine\player_manager.h">
      <Filter>Header Files\engine</Filter>
    </ClInclude>
    <ClInclude Include="engine\graphics_manager.h">
      <Filter>Header Files\engine</Filter>
    </ClInclude>
    <ClInclude Include="screen\play_screen.h">
      <Filter>Header Files\screen</Filter>
    </ClInclude>
    <ClInclude Include="object\audio_object.h">
      <Filter>Header Files\object</Filter>
    </ClInclude>
    <ClInclude Include="screen\load_screen.h">
      <Filter>Header Files\screen</Filter>
    </ClInclude>
    <ClInclude Include="screen\ready_screen.h">
      <Filter>Header Files\screen</Filter>
    </ClInclude>
    <ClInclude Include="screen\start_screen.h">
      <Filter>Header Files\screen</Filter>
    </ClInclude>
    <ClInclude Include="screen\intro_screen.h">
      <Filter>Header Files\screen</Filter>
    </ClInclude>
    <ClInclude Include="screen\pass_screen.h">
      <Filter>Header Files\screen</Filter>
    </ClInclude>
    <ClInclude Include="screen\beat_screen.h">
      <Filter>Header Files\screen</Filter>
    </ClInclude>
    <ClInclude Include="screen\begin_screen.h">
      <Filter>Header Files\screen</Filter>
    </ClInclude>
    <ClInclude Include="screen\boss_screen.h">
      <Filter>Header Files\screen</Filter>
    </ClInclude>
    <ClInclude Include="screen\cont_screen.h">
      <Filter>Header Files\screen</Filter>
    </ClInclude>
    <ClInclude Include="screen\dead_screen.h">
      <Filter>Header Files\screen</Filter>
    </ClInclude>
    <ClInclude Include="screen\option_screen.h">
      <Filter>Header Files\screen</Filter>
    </ClInclude>
    <ClInclude Include="screen\over_screen.h">
      <Filter>Header Files\screen</Filter>
    </ClInclude>
    <ClInclude Include="engine\debug_manager.h">
      <Filter>Header Files\engine</Filter>
    </ClInclude>
    <ClInclude Include="engine\game_manager.h">
      <Filter>Header Files\engine</Filter>
    </ClInclude>
    <ClInclude Include="engine\hack_manager.h">
      <Filter>Header Files\engine</Filter>
    </ClInclude>
    <ClInclude Include="object\hack_object.h">
      <Filter>Header Files\object</Filter>
    </ClInclude>
    <ClInclude Include="engine\collision_manager.h">
      <Filter>Header Files\engine</Filter>
    </ClInclude>
    <ClInclude Include="engine\util_manager.h">
      <Filter>Header Files\engine</Filter>
    </ClInclude>
    <ClInclude Include="object\game_object.h">
      <Filter>Header Files\object</Filter>
    </ClInclude>
    <ClInclude Include="engine\timer_manager.h">
      <Filter>Header Files\engine</Filter>
    </ClInclude>
    <ClInclude Include="object\timer_object.h">
      <Filter>Header Files\object</Filter>
    </ClInclude>
    <ClInclude Include="controller.h">
      <Filter>Header Files</Filter>
    </ClInclude>
    <ClInclude Include="screen\demo_screen.h">
      <Filter>Header Files\screen</Filter>
    </ClInclude>
    <ClInclude Include="screen\diff_screen.h">
      <Filter>Header Files\screen</Filter>
    </ClInclude>
    <ClInclude Include="screen\level_screen.h">
      <Filter>Header Files\screen</Filter>
    </ClInclude>
    <ClInclude Include="engine\command_manager.h">
      <Filter>Header Files\engine</Filter>
    </ClInclude>
    <ClInclude Include="engine\cartoon_manager.h">
      <Filter>Header Files\engine</Filter>
    </ClInclude>
    <ClInclude Include="object\command_object.h">
      <Filter>Header Files\object</Filter>
    </ClInclude>
    <ClInclude Include="banks\bank7.h">
      <Filter>Header Files\banks\bank08</Filter>
    </ClInclude>
    <ClInclude Include="banks\bank2.h">
      <Filter>Header Files\banks\bank08</Filter>
    </ClInclude>
    <ClInclude Include="banks\bank3.h">
      <Filter>Header Files\banks\bank08</Filter>
    </ClInclude>
    <ClInclude Include="banks\bank4.h">
      <Filter>Header Files\banks\bank08</Filter>
    </ClInclude>
    <ClInclude Include="banks\bank5.h">
      <Filter>Header Files\banks\bank08</Filter>
    </ClInclude>
    <ClInclude Include="banks\bank6.h">
      <Filter>Header Files\banks\bank08</Filter>
    </ClInclude>
    <ClInclude Include="banks\bank8.h">
      <Filter>Header Files\banks\bank08</Filter>
    </ClInclude>
    <ClInclude Include="banks\bank9.h">
      <Filter>Header Files\banks\bank16</Filter>
    </ClInclude>
    <ClInclude Include="banks\bank10.h">
      <Filter>Header Files\banks\bank16</Filter>
    </ClInclude>
    <ClInclude Include="banks\bank11.h">
      <Filter>Header Files\banks\bank16</Filter>
    </ClInclude>
    <ClInclude Include="banks\bank12.h">
      <Filter>Header Files\banks\bank16</Filter>
    </ClInclude>
    <ClInclude Include="banks\bank13.h">
      <Filter>Header Files\banks\bank16</Filter>
    </ClInclude>
    <ClInclude Include="banks\bank14.h">
      <Filter>Header Files\banks\bank16</Filter>
    </ClInclude>
    <ClInclude Include="banks\bank15.h">
      <Filter>Header Files\banks\bank16</Filter>
    </ClInclude>
    <ClInclude Include="object\riff_object.h">
      <Filter>Header Files\object</Filter>
    </ClInclude>
    <ClInclude Include="engine\riff_manager.h">
      <Filter>Header Files\engine</Filter>
    </ClInclude>
    <ClInclude Include="engine\sample_manager.h">
      <Filter>Header Files\engine</Filter>
    </ClInclude>
    <ClInclude Include="screen\record_screen.h">
      <Filter>Header Files\screen</Filter>
    </ClInclude>
    <ClInclude Include="screen\repeat_screen.h">
      <Filter>Header Files\screen</Filter>
    </ClInclude>
  </ItemGroup>
</Project>