<?xml version="1.0" encoding="utf-8"?>
<Project ToolsVersion="4.0" xmlns="http://schemas.microsoft.com/developer/msbuild/2003">
  <ItemGroup>
    <Filter Include="Source Files">
      <UniqueIdentifier>{4FC737F1-C7A5-4376-A066-2A32D752A2FF}</UniqueIdentifier>
      <Extensions>cpp;c;cc;cxx;def;odl;idl;hpj;bat;asm;asmx</Extensions>
    </Filter>
    <Filter Include="Header Files">
      <UniqueIdentifier>{93995380-89BD-4b04-88EB-625FBE52EBFB}</UniqueIdentifier>
      <Extensions>h;hh;hpp;hxx;hm;inl;inc;xsd</Extensions>
    </Filter>
    <Filter Include="Resource Files">
      <UniqueIdentifier>{67DA6AB6-F800-4c08-8B7A-83BB121AAD01}</UniqueIdentifier>
      <Extensions>rc;ico;cur;bmp;dlg;rc2;rct;bin;rgs;gif;jpg;jpeg;jpe;resx;tiff;tif;png;wav;mfcribbon-ms</Extensions>
    </Filter>
    <Filter Include="Header Files\engine">
      <UniqueIdentifier>{e31d971d-be79-42f6-8302-dfe76fae8ec7}</UniqueIdentifier>
    </Filter>
    <Filter Include="Source Files\engine">
      <UniqueIdentifier>{a9e18b6c-389e-41e1-b60b-c11fae96c632}</UniqueIdentifier>
    </Filter>
    <Filter Include="Header Files\object">
      <UniqueIdentifier>{474308bf-8e59-45f0-9838-8016f2786b47}</UniqueIdentifier>
    </Filter>
    <Filter Include="Source Files\object">
      <UniqueIdentifier>{67993c58-ec50-4646-ba34-7a859a26de65}</UniqueIdentifier>
    </Filter>
    <Filter Include="Header Files\screen">
      <UniqueIdentifier>{59f98df5-c9bb-45d0-9875-88005323af13}</UniqueIdentifier>
    </Filter>
    <Filter Include="Source Files\screen">
      <UniqueIdentifier>{46f61f14-8fe6-4af7-a63a-9da514de41ea}</UniqueIdentifier>
    </Filter>
    <Filter Include="Header Files\content">
      <UniqueIdentifier>{9f8b15fa-0cd1-4713-860a-acc07e0628c5}</UniqueIdentifier>
    </Filter>
    <Filter Include="Source Files\content">
      <UniqueIdentifier>{895e2f52-b4c7-432c-b458-5819b2525988}</UniqueIdentifier>
    </Filter>
  </ItemGroup>
  <ItemGroup>
    <ClCompile Include="src\main.c">
      <Filter>Source Files</Filter>
    </ClCompile>
    <ClCompile Include="src\engine\data_manager.c">
      <Filter>Source Files\engine</Filter>
    </ClCompile>
    <ClCompile Include="src\object\audio_object.c">
      <Filter>Source Files\object</Filter>
    </ClCompile>
    <ClCompile Include="src\object\enemy_object.c">
      <Filter>Source Files\object</Filter>
    </ClCompile>
    <ClCompile Include="src\object\game_object.c">
      <Filter>Source Files\object</Filter>
    </ClCompile>
    <ClCompile Include="src\object\hack_object.c">
      <Filter>Source Files\object</Filter>
    </ClCompile>
    <ClCompile Include="src\object\player_object.c">
      <Filter>Source Files\object</Filter>
    </ClCompile>
    <ClCompile Include="src\object\select_object.c">
      <Filter>Source Files\object</Filter>
    </ClCompile>
    <ClCompile Include="src\object\timer_object.c">
      <Filter>Source Files\object</Filter>
    </ClCompile>
    <ClCompile Include="src\screen\play_screen.c">
      <Filter>Source Files\screen</Filter>
    </ClCompile>
    <ClCompile Include="..\gfx\res\resources.c">
      <Filter>Source Files\content</Filter>
    </ClCompile>
  </ItemGroup>
  <ItemGroup>
    <None Include="build.bat">
      <Filter>Resource Files</Filter>
    </None>
  </ItemGroup>
  <ItemGroup>
    <ClInclude Include="inc\main.h">
      <Filter>Header Files</Filter>
    </ClInclude>
    <ClInclude Include="inc\engine\data_manager.h">
      <Filter>Header Files\engine</Filter>
    </ClInclude>
    <ClInclude Include="inc\object\audio_object.h">
      <Filter>Header Files\object</Filter>
    </ClInclude>
    <ClInclude Include="inc\object\enemy_object.h">
      <Filter>Header Files\object</Filter>
    </ClInclude>
    <ClInclude Include="inc\object\game_object.h">
      <Filter>Header Files\object</Filter>
    </ClInclude>
    <ClInclude Include="inc\object\hack_object.h">
      <Filter>Header Files\object</Filter>
    </ClInclude>
    <ClInclude Include="inc\object\player_object.h">
      <Filter>Header Files\object</Filter>
    </ClInclude>
    <ClInclude Include="inc\object\select_object.h">
      <Filter>Header Files\object</Filter>
    </ClInclude>
    <ClInclude Include="inc\object\timer_object.h">
      <Filter>Header Files\object</Filter>
    </ClInclude>
    <ClInclude Include="inc\screen\play_screen.h">
      <Filter>Header Files\screen</Filter>
    </ClInclude>
    <ClInclude Include="res\resources.h">
      <Filter>Header Files\content</Filter>
    </ClInclude>
  </ItemGroup>
</Project>