<?xml version="1.0" encoding="utf-8"?>
<Project ToolsVersion="4.0" xmlns="http://schemas.microsoft.com/developer/msbuild/2003">
  <ItemGroup>
    <Filter Include="Source Files">
      <UniqueIdentifier>{4FC737F1-C7A5-4376-A066-2A32D752A2FF}</UniqueIdentifier>
      <Extensions>cpp;c;cc;cxx;def;odl;idl;hpj;bat;asm;asmx</Extensions>
    </Filter>
    <Filter Include="Header Files">
      <UniqueIdentifier>{93995380-89BD-4b04-88EB-625FBE52EBFB}</UniqueIdentifier>
      <Extensions>h;hh;hpp;hxx;hm;inl;inc;xsd</Extensions>
    </Filter>
    <Filter Include="Header Files\engine">
      <UniqueIdentifier>{4f8e8ce8-410e-4a9e-96ca-26b1a6e1ed4a}</UniqueIdentifier>
    </Filter>
    <Filter Include="Header Files\banks">
      <UniqueIdentifier>{1b877acd-96c8-4596-8eba-6cc8299ced66}</UniqueIdentifier>
    </Filter>
    <Filter Include="Source Files\banks">
      <UniqueIdentifier>{3118bec3-4f18-45fb-91c4-a66b59092a7f}</UniqueIdentifier>
    </Filter>
    <Filter Include="Header Files\object">
      <UniqueIdentifier>{79a8a461-c450-49f0-8f11-63f21e770726}</UniqueIdentifier>
    </Filter>
    <Filter Include="Resource Files">
      <UniqueIdentifier>{67DA6AB6-F800-4c08-8B7A-83BB121AAD01}</UniqueIdentifier>
      <Extensions>rc;ico;cur;bmp;dlg;rc2;rct;bin;rgs;gif;jpg;jpeg;jpe;resx;tiff;tif;png;wav;mfcribbon-ms</Extensions>
    </Filter>
    <Filter Include="Source Files\object">
      <UniqueIdentifier>{f8c005f3-0117-4353-a8e5-2661e1f520cc}</UniqueIdentifier>
    </Filter>
    <Filter Include="Source Files\engine">
      <UniqueIdentifier>{bed91bba-6ee2-4948-b3e3-58ed5eb1b3ff}</UniqueIdentifier>
    </Filter>
    <Filter Include="Header Files\content">
      <UniqueIdentifier>{a095ca78-d0fa-47cd-ac6d-306f4b7ea492}</UniqueIdentifier>
    </Filter>
    <Filter Include="Source Files\content">
      <UniqueIdentifier>{d0a30c12-700a-4d99-a846-7ece3c7c7f31}</UniqueIdentifier>
    </Filter>
    <Filter Include="Header Files\devkit">
      <UniqueIdentifier>{bcd3bed7-3ab1-4cf1-b9c5-1570d62e2825}</UniqueIdentifier>
    </Filter>
    <Filter Include="Source Files\devkit">
      <UniqueIdentifier>{5d5ea791-a553-472c-9d46-f38b31478855}</UniqueIdentifier>
    </Filter>
  </ItemGroup>
  <ItemGroup>
    <ClCompile Include="main.c">
      <Filter>Source Files</Filter>
    </ClCompile>
    <ClCompile Include="banks\bank3.c">
      <Filter>Source Files\banks</Filter>
    </ClCompile>
    <ClCompile Include="banks\bank2.c">
      <Filter>Source Files\banks</Filter>
    </ClCompile>
    <ClCompile Include="gfx.c">
      <Filter>Source Files\content</Filter>
    </ClCompile>
    <ClCompile Include="engine\asm_manager.c">
      <Filter>Source Files\engine</Filter>
    </ClCompile>
    <ClCompile Include="devkit\_sms_manager.c">
      <Filter>Source Files\devkit</Filter>
    </ClCompile>
    <ClCompile Include="devkit\_snd_manager.c">
      <Filter>Source Files\devkit</Filter>
    </ClCompile>
    <ClCompile Include="engine\audio_manager.c">
      <Filter>Source Files\engine</Filter>
    </ClCompile>
    <ClCompile Include="engine\content_manager.c">
      <Filter>Source Files\engine</Filter>
    </ClCompile>
    <ClCompile Include="engine\font_manager.c">
      <Filter>Source Files\engine</Filter>
    </ClCompile>
    <ClCompile Include="engine\input_manager.c">
      <Filter>Source Files\engine</Filter>
    </ClCompile>
    <ClCompile Include="game.c">
      <Filter>Source Files</Filter>
    </ClCompile>
    <ClCompile Include="object\audio_object.c">
      <Filter>Source Files</Filter>
    </ClCompile>
  </ItemGroup>
  <ItemGroup>
    <ClInclude Include="main.h">
      <Filter>Header Files</Filter>
    </ClInclude>
    <ClInclude Include="engine\asm_manager.h">
      <Filter>Header Files\engine</Filter>
    </ClInclude>
    <ClInclude Include="banks\bank3.h">
      <Filter>Header Files\banks</Filter>
    </ClInclude>
    <ClInclude Include="banks\bank2.h">
      <Filter>Header Files\banks</Filter>
    </ClInclude>
    <ClInclude Include="gfx.h">
      <Filter>Header Files\content</Filter>
    </ClInclude>
    <ClInclude Include="devkit\_sms_manager.h">
      <Filter>Header Files\devkit</Filter>
    </ClInclude>
    <ClInclude Include="devkit\_snd_manager.h">
      <Filter>Header Files\devkit</Filter>
    </ClInclude>
    <ClInclude Include="engine\audio_manager.h">
      <Filter>Header Files\engine</Filter>
    </ClInclude>
    <ClInclude Include="engine\content_manager.h">
      <Filter>Header Files\engine</Filter>
    </ClInclude>
    <ClInclude Include="engine\font_manager.h">
      <Filter>Header Files\engine</Filter>
    </ClInclude>
    <ClInclude Include="engine\input_manager.h">
      <Filter>Header Files\engine</Filter>
    </ClInclude>
    <ClInclude Include="object\audio_object.h">
      <Filter>Header Files\object</Filter>
    </ClInclude>
    <ClInclude Include="game.h">
      <Filter>Header Files</Filter>
    </ClInclude>
  </ItemGroup>
  <ItemGroup>
    <None Include="build.bat">
      <Filter>Resource Files</Filter>
    </None>
  </ItemGroup>
</Project>