<?xml version="1.0" encoding="utf-8"?>
<Project ToolsVersion="4.0" xmlns="http://schemas.microsoft.com/developer/msbuild/2003">
  <ItemGroup>
    <Filter Include="Source Files">
      <UniqueIdentifier>{4FC737F1-C7A5-4376-A066-2A32D752A2FF}</UniqueIdentifier>
      <Extensions>cpp;c;cc;cxx;def;odl;idl;hpj;bat;asm;asmx</Extensions>
    </Filter>
    <Filter Include="Header Files">
      <UniqueIdentifier>{93995380-89BD-4b04-88EB-625FBE52EBFB}</UniqueIdentifier>
      <Extensions>h;hh;hpp;hxx;hm;inl;inc;xsd</Extensions>
    </Filter>
    <Filter Include="Resource Files">
      <UniqueIdentifier>{67DA6AB6-F800-4c08-8B7A-83BB121AAD01}</UniqueIdentifier>
      <Extensions>rc;ico;cur;bmp;dlg;rc2;rct;bin;rgs;gif;jpg;jpeg;jpe;resx;tiff;tif;png;wav;mfcribbon-ms</Extensions>
    </Filter>
    <Filter Include="Source Files\banks">
      <UniqueIdentifier>{91194f39-833c-45b0-aaee-4ed484ae81d2}</UniqueIdentifier>
    </Filter>
    <Filter Include="Header Files\banks">
      <UniqueIdentifier>{f55afaba-f0d3-4955-963d-3b878c85dc59}</UniqueIdentifier>
    </Filter>
    <Filter Include="Header Files\content">
      <UniqueIdentifier>{da34f736-4c0d-45d4-aef4-6dae67f1f189}</UniqueIdentifier>
    </Filter>
    <Filter Include="Source Files\content">
      <UniqueIdentifier>{a4fcd5a4-b610-4546-a958-305583ac19cf}</UniqueIdentifier>
    </Filter>
  </ItemGroup>
  <ItemGroup>
    <ClCompile Include="main.c">
      <Filter>Source Files</Filter>
    </ClCompile>
    <ClCompile Include="resources.c">
      <Filter>Source Files\content</Filter>
    </ClCompile>
    <ClCompile Include="bank2.c">
      <Filter>Source Files\banks</Filter>
    </ClCompile>
    <ClCompile Include="bank3.c">
      <Filter>Source Files\banks</Filter>
    </ClCompile>
  </ItemGroup>
  <ItemGroup>
    <None Include="build.bat">
      <Filter>Resource Files</Filter>
    </None>
  </ItemGroup>
  <ItemGroup>
    <ClInclude Include="main.h">
      <Filter>Header Files</Filter>
    </ClInclude>
    <ClInclude Include="bank2.h">
      <Filter>Header Files\banks</Filter>
    </ClInclude>
    <ClInclude Include="bank3.h">
      <Filter>Header Files\banks</Filter>
    </ClInclude>
  </ItemGroup>
</Project>